github.com/etheriamagazine/hugo-mod-jslibs/alpinejs/v3 v3.0.0-20240308175352-914922e4cc40 h1:+R6TuOfEeE5sayjXCNoz3yRb5HmAVxk/F3ynDs8yOyA=
github.com/etheriamagazine/hugo-mod-jslibs/alpinejs/v3 v3.0.0-20240308175352-914922e4cc40/go.mod h1:d5gX7ZMKDVwScvnNPJvXYMbuNBBOZEjxfUjT9r88ZGA=
github.com/etheriamagazine/hugo-mod-jslibs/minisearch v0.0.0-20240926140054-459e31b43530 h1:ldB1XTnCePHgB2jebenJtnNQlpd1w1RDttIArB8YJ3E=
github.com/etheriamagazine/hugo-mod-jslibs/minisearch v0.0.0-20240926140054-459e31b43530/go.mod h1:8esSFhBX4W7xjuCL7DTHR1kR7a9Y5VGbLqgy4aBcDu0=
github.com/etheriamagazine/hugo-mod-jslibs/preact-bundle v0.0.0-20240308175352-914922e4cc40 h1:JGiPsoY/KOkiI7S7LVoQLOQkrt5byycXPVjc4i6siNc=
github.com/etheriamagazine/hugo-mod-jslibs/preact-bundle v0.0.0-20240308175352-914922e4cc40/go.mod h1:2tzKXmKmduTBP2S37x+Mis7vOB/wS7bJ2oRWag7bGNU=
